PODS:
  - JTAppleCalendar (7.1.5)

DEPENDENCIES:
  - JTAppleCalendar (from `https://github.com/patchthecode/JTAppleCalendar.git`)

EXTERNAL SOURCES:
  JTAppleCalendar:
    :git: https://github.com/patchthecode/JTAppleCalendar.git

CHECKOUT OPTIONS:
  JTAppleCalendar:
    :commit: b6f4518302ae48dd6160b7b366cbd86e9b769b22
    :git: https://github.com/patchthecode/JTAppleCalendar.git

SPEC CHECKSUMS:
  JTAppleCalendar: df0df2b055ba4c6d5940ef4f40a0f4270ea021ac

PODFILE CHECKSUM: 7f588966f57d8e8f626d6380903c43d5ec02fec0

COCOAPODS: 1.5.3
